
Microsoft Visual Studio Solution File, Format Version 12.00
# Visual Studio Version 17
VisualStudioVersion = 17.6.33829.357
MinimumVisualStudioVersion = 10.0.40219.1
Project("{2150E333-8FDC-42A3-9474-1A3956D46DE8}") = "Services", "Services", "{293D146F-4423-4C10-BCF1-1775E1347FB2}"
EndProject
Project("{2150E333-8FDC-42A3-9474-1A3956D46DE8}") = "Catalog", "Catalog", "{250731F2-9F20-4BE3-8968-19E540FAC828}"
EndProject
Project("{9A19103F-16F7-4668-BE54-9A1E7A4F7556}") = "Catalog.API", "Services\Catalog\Catalog.API\Catalog.API.csproj", "{67CAEF4C-541E-4BAB-8253-D6DBC07960DF}"
EndProject
Project("{2150E333-8FDC-42A3-9474-1A3956D46DE8}") = "BulidingBlocks", "BulidingBlocks", "{B3C5ED1D-9928-462F-A0E2-4348F7ABD92C}"
EndProject
Project("{9A19103F-16F7-4668-BE54-9A1E7A4F7556}") = "BulidingBlocks", "BulidingBlocks\BulidingBlocks\BulidingBlocks.csproj", "{9EAFFD56-2BDA-4D9F-BBFA-CA9C871A6786}"
EndProject
Project("{2150E333-8FDC-42A3-9474-1A3956D46DE8}") = "Basket", "Basket", "{B4E61DAA-5BBE-45F9-9EFA-E8150EB9AF3E}"
EndProject
Project("{9A19103F-16F7-4668-BE54-9A1E7A4F7556}") = "Basket.API", "Services\Basket\Basket.API\Basket.API.csproj", "{9FAD69BB-B8EF-415D-8464-4DD83F49142D}"
EndProject
Project("{2150E333-8FDC-42A3-9474-1A3956D46DE8}") = "Discount", "Discount", "{6FDC2229-66A5-4A79-B086-9615F1C4916B}"
EndProject
Project("{9A19103F-16F7-4668-BE54-9A1E7A4F7556}") = "Discount.Grpc", "Services\Discount\Discount.Grpc\Discount.Grpc.csproj", "{4E72A2AD-6660-4114-A38A-16C7A7149BF3}"
EndProject
Project("{2150E333-8FDC-42A3-9474-1A3956D46DE8}") = "Ordering", "Ordering", "{314BCE31-1B39-46D2-976A-22B940E788AC}"
EndProject
Project("{9A19103F-16F7-4668-BE54-9A1E7A4F7556}") = "Ordering.API", "Services\Ordering\Ordering.API\Ordering.API.csproj", "{E067FD1B-4AE2-418D-BD7D-84317FC984F0}"
EndProject
Project("{9A19103F-16F7-4668-BE54-9A1E7A4F7556}") = "Ordering.Domain", "Services\Ordering\Ordering.Domain\Ordering.Domain.csproj", "{4B1F2734-98C6-4B99-BEBA-D257F5C05173}"
EndProject
Project("{9A19103F-16F7-4668-BE54-9A1E7A4F7556}") = "Ordering.Application", "Services\Ordering\Ordering.Application\Ordering.Application.csproj", "{88AD8A0A-6AD8-44A3-A8B1-BB174CEA9E15}"
EndProject
Project("{9A19103F-16F7-4668-BE54-9A1E7A4F7556}") = "Ordering.Infrastucture", "Services\Ordering\Ordering.Infrastucture\Ordering.Infrastucture.csproj", "{8E3B0188-0CC8-4E2C-8151-9107458D5C57}"
EndProject
Project("{FAE04EC0-301F-11D3-BF4B-00C04F79EFBC}") = "BulidingBlocks.Messaging", "BulidingBlocks.Messaging\BulidingBlocks.Messaging.csproj", "{D93B54B7-53D2-495B-B05F-06671A572C59}"
EndProject
Global
	GlobalSection(SolutionConfigurationPlatforms) = preSolution
		Debug|Any CPU = Debug|Any CPU
		Release|Any CPU = Release|Any CPU
	EndGlobalSection
	GlobalSection(ProjectConfigurationPlatforms) = postSolution
		{67CAEF4C-541E-4BAB-8253-D6DBC07960DF}.Debug|Any CPU.ActiveCfg = Debug|Any CPU
		{67CAEF4C-541E-4BAB-8253-D6DBC07960DF}.Debug|Any CPU.Build.0 = Debug|Any CPU
		{67CAEF4C-541E-4BAB-8253-D6DBC07960DF}.Release|Any CPU.ActiveCfg = Release|Any CPU
		{67CAEF4C-541E-4BAB-8253-D6DBC07960DF}.Release|Any CPU.Build.0 = Release|Any CPU
		{9EAFFD56-2BDA-4D9F-BBFA-CA9C871A6786}.Debug|Any CPU.ActiveCfg = Debug|Any CPU
		{9EAFFD56-2BDA-4D9F-BBFA-CA9C871A6786}.Debug|Any CPU.Build.0 = Debug|Any CPU
		{9EAFFD56-2BDA-4D9F-BBFA-CA9C871A6786}.Release|Any CPU.ActiveCfg = Release|Any CPU
		{9EAFFD56-2BDA-4D9F-BBFA-CA9C871A6786}.Release|Any CPU.Build.0 = Release|Any CPU
		{9FAD69BB-B8EF-415D-8464-4DD83F49142D}.Debug|Any CPU.ActiveCfg = Debug|Any CPU
		{9FAD69BB-B8EF-415D-8464-4DD83F49142D}.Debug|Any CPU.Build.0 = Debug|Any CPU
		{9FAD69BB-B8EF-415D-8464-4DD83F49142D}.Release|Any CPU.ActiveCfg = Release|Any CPU
		{9FAD69BB-B8EF-415D-8464-4DD83F49142D}.Release|Any CPU.Build.0 = Release|Any CPU
		{4E72A2AD-6660-4114-A38A-16C7A7149BF3}.Debug|Any CPU.ActiveCfg = Debug|Any CPU
		{4E72A2AD-6660-4114-A38A-16C7A7149BF3}.Debug|Any CPU.Build.0 = Debug|Any CPU
		{4E72A2AD-6660-4114-A38A-16C7A7149BF3}.Release|Any CPU.ActiveCfg = Release|Any CPU
		{4E72A2AD-6660-4114-A38A-16C7A7149BF3}.Release|Any CPU.Build.0 = Release|Any CPU
		{E067FD1B-4AE2-418D-BD7D-84317FC984F0}.Debug|Any CPU.ActiveCfg = Debug|Any CPU
		{E067FD1B-4AE2-418D-BD7D-84317FC984F0}.Debug|Any CPU.Build.0 = Debug|Any CPU
		{E067FD1B-4AE2-418D-BD7D-84317FC984F0}.Release|Any CPU.ActiveCfg = Release|Any CPU
		{E067FD1B-4AE2-418D-BD7D-84317FC984F0}.Release|Any CPU.Build.0 = Release|Any CPU
		{4B1F2734-98C6-4B99-BEBA-D257F5C05173}.Debug|Any CPU.ActiveCfg = Debug|Any CPU
		{4B1F2734-98C6-4B99-BEBA-D257F5C05173}.Debug|Any CPU.Build.0 = Debug|Any CPU
		{4B1F2734-98C6-4B99-BEBA-D257F5C05173}.Release|Any CPU.ActiveCfg = Release|Any CPU
		{4B1F2734-98C6-4B99-BEBA-D257F5C05173}.Release|Any CPU.Build.0 = Release|Any CPU
		{88AD8A0A-6AD8-44A3-A8B1-BB174CEA9E15}.Debug|Any CPU.ActiveCfg = Debug|Any CPU
		{88AD8A0A-6AD8-44A3-A8B1-BB174CEA9E15}.Debug|Any CPU.Build.0 = Debug|Any CPU
		{88AD8A0A-6AD8-44A3-A8B1-BB174CEA9E15}.Release|Any CPU.ActiveCfg = Release|Any CPU
		{88AD8A0A-6AD8-44A3-A8B1-BB174CEA9E15}.Release|Any CPU.Build.0 = Release|Any CPU
		{8E3B0188-0CC8-4E2C-8151-9107458D5C57}.Debug|Any CPU.ActiveCfg = Debug|Any CPU
		{8E3B0188-0CC8-4E2C-8151-9107458D5C57}.Debug|Any CPU.Build.0 = Debug|Any CPU
		{8E3B0188-0CC8-4E2C-8151-9107458D5C57}.Release|Any CPU.ActiveCfg = Release|Any CPU
		{8E3B0188-0CC8-4E2C-8151-9107458D5C57}.Release|Any CPU.Build.0 = Release|Any CPU
		{D93B54B7-53D2-495B-B05F-06671A572C59}.Debug|Any CPU.ActiveCfg = Debug|Any CPU
		{D93B54B7-53D2-495B-B05F-06671A572C59}.Debug|Any CPU.Build.0 = Debug|Any CPU
		{D93B54B7-53D2-495B-B05F-06671A572C59}.Release|Any CPU.ActiveCfg = Release|Any CPU
		{D93B54B7-53D2-495B-B05F-06671A572C59}.Release|Any CPU.Build.0 = Release|Any CPU
	EndGlobalSection
	GlobalSection(SolutionProperties) = preSolution
		HideSolutionNode = FALSE
	EndGlobalSection
	GlobalSection(NestedProjects) = preSolution
		{250731F2-9F20-4BE3-8968-19E540FAC828} = {293D146F-4423-4C10-BCF1-1775E1347FB2}
		{67CAEF4C-541E-4BAB-8253-D6DBC07960DF} = {250731F2-9F20-4BE3-8968-19E540FAC828}
		{9EAFFD56-2BDA-4D9F-BBFA-CA9C871A6786} = {B3C5ED1D-9928-462F-A0E2-4348F7ABD92C}
		{B4E61DAA-5BBE-45F9-9EFA-E8150EB9AF3E} = {293D146F-4423-4C10-BCF1-1775E1347FB2}
		{9FAD69BB-B8EF-415D-8464-4DD83F49142D} = {B4E61DAA-5BBE-45F9-9EFA-E8150EB9AF3E}
		{6FDC2229-66A5-4A79-B086-9615F1C4916B} = {293D146F-4423-4C10-BCF1-1775E1347FB2}
		{4E72A2AD-6660-4114-A38A-16C7A7149BF3} = {6FDC2229-66A5-4A79-B086-9615F1C4916B}
		{314BCE31-1B39-46D2-976A-22B940E788AC} = {293D146F-4423-4C10-BCF1-1775E1347FB2}
		{E067FD1B-4AE2-418D-BD7D-84317FC984F0} = {314BCE31-1B39-46D2-976A-22B940E788AC}
		{4B1F2734-98C6-4B99-BEBA-D257F5C05173} = {314BCE31-1B39-46D2-976A-22B940E788AC}
		{88AD8A0A-6AD8-44A3-A8B1-BB174CEA9E15} = {314BCE31-1B39-46D2-976A-22B940E788AC}
		{8E3B0188-0CC8-4E2C-8151-9107458D5C57} = {314BCE31-1B39-46D2-976A-22B940E788AC}
		{D93B54B7-53D2-495B-B05F-06671A572C59} = {B3C5ED1D-9928-462F-A0E2-4348F7ABD92C}
	EndGlobalSection
	GlobalSection(ExtensibilityGlobals) = postSolution
		SolutionGuid = {312D7D1D-5673-4924-9452-28EA7ED673CD}
	EndGlobalSection
EndGlobal
